
Microsoft Visual Studio Solution File, Format Version 12.00
# Visual Studio Version 17
VisualStudioVersion = 17.8.34511.84
MinimumVisualStudioVersion = 10.0.40219.1
Project("{FAE04EC0-301F-11D3-BF4B-00C04F79EFBC}") = "Tracer", "Tracer\Tracer.csproj", "{2BF93661-D842-4DAD-97FA-5755AB0A5ACE}"
EndProject
Global
	GlobalSection(SolutionConfigurationPlatforms) = preSolution
		Debug|Any CPU = Debug|Any CPU
		Release|Any CPU = Release|Any CPU
	EndGlobalSection
	GlobalSection(ProjectConfigurationPlatforms) = postSolution
		{2BF93661-D842-4DAD-97FA-5755AB0A5ACE}.Debug|Any CPU.ActiveCfg = Debug|Any CPU
		{2BF93661-D842-4DAD-97FA-5755AB0A5ACE}.Debug|Any CPU.Build.0 = Debug|Any CPU
		{2BF93661-D842-4DAD-97FA-5755AB0A5ACE}.Release|Any CPU.ActiveCfg = Release|Any CPU
		{2BF93661-D842-4DAD-97FA-5755AB0A5ACE}.Release|Any CPU.Build.0 = Release|Any CPU
	EndGlobalSection
	GlobalSection(SolutionProperties) = preSolution
		HideSolutionNode = FALSE
	EndGlobalSection
	GlobalSection(ExtensibilityGlobals) = postSolution
		SolutionGuid = {1CB0F8EF-DC5B-4D98-8B54-0E17930F6BC1}
	EndGlobalSection
EndGlobal
